
Microsoft Visual Studio Solution File, Format Version 12.00
# Visual Studio 15
VisualStudioVersion = 15.0.28307.421
MinimumVisualStudioVersion = 10.0.40219.1
Project("{FAE04EC0-301F-11D3-BF4B-00C04F79EFBC}") = "MyVegaApi", "MyVegaApi\MyVegaApi.csproj", "{1F5D42F1-F497-4668-A302-B02B9E356BE7}"
EndProject
Global
	GlobalSection(SolutionConfigurationPlatforms) = preSolution
		Debug|Any CPU = Debug|Any CPU
		Release|Any CPU = Release|Any CPU
	EndGlobalSection
	GlobalSection(ProjectConfigurationPlatforms) = postSolution
		{1F5D42F1-F497-4668-A302-B02B9E356BE7}.Debug|Any CPU.ActiveCfg = Debug|Any CPU
		{1F5D42F1-F497-4668-A302-B02B9E356BE7}.Debug|Any CPU.Build.0 = Debug|Any CPU
		{1F5D42F1-F497-4668-A302-B02B9E356BE7}.Release|Any CPU.ActiveCfg = Release|Any CPU
		{1F5D42F1-F497-4668-A302-B02B9E356BE7}.Release|Any CPU.Build.0 = Release|Any CPU
	EndGlobalSection
	GlobalSection(SolutionProperties) = preSolution
		HideSolutionNode = FALSE
	EndGlobalSection
	GlobalSection(ExtensibilityGlobals) = postSolution
		SolutionGuid = {6F5B9B13-E519-4C7A-9FBF-17BA3F4C2098}
	EndGlobalSection
EndGlobal
